
Microsoft Visual Studio Solution File, Format Version 12.00
# Visual Studio Version 16
VisualStudioVersion = 16.6.30114.105
MinimumVisualStudioVersion = 10.0.40219.1
Project("{FAE04EC0-301F-11D3-BF4B-00C04F79EFBC}") = "Akka.Persistence.DynamoDb", "src\Akka.Persistence.DynamoDb\Akka.Persistence.DynamoDb.csproj", "{7A600715-571E-40E4-A639-0B9118A079A7}"
EndProject
Project("{FAE04EC0-301F-11D3-BF4B-00C04F79EFBC}") = "Akka.Persistence.DynamoDb.Test", "test\Akka.Persistence.DynamoDb.Test\Akka.Persistence.DynamoDb.Test.csproj", "{3DA3E176-5A3D-4A78-AB49-A0650F409B2F}"
EndProject
Project("{2150E333-8FDC-42A3-9474-1A3956D46DE8}") = "build", "build", "{96F7E712-662B-4478-ACA3-18EBD5312D66}"
ProjectSection(SolutionItems) = preProject
	Makefile = Makefile
	.github\workflows\publish-to-nuget.yml = .github\workflows\publish-to-nuget.yml
	.github\workflows\test-pull-requests.yml = .github\workflows\test-pull-requests.yml
	.github\main.workflow = .github\main.workflow
	.gitignore = .gitignore
EndProjectSection
EndProject
Global
	GlobalSection(SolutionConfigurationPlatforms) = preSolution
		Debug|Any CPU = Debug|Any CPU
		Debug|x64 = Debug|x64
		Debug|x86 = Debug|x86
		Release|Any CPU = Release|Any CPU
		Release|x64 = Release|x64
		Release|x86 = Release|x86
	EndGlobalSection
	GlobalSection(SolutionProperties) = preSolution
		HideSolutionNode = FALSE
	EndGlobalSection
	GlobalSection(ProjectConfigurationPlatforms) = postSolution
		{7A600715-571E-40E4-A639-0B9118A079A7}.Debug|Any CPU.ActiveCfg = Debug|Any CPU
		{7A600715-571E-40E4-A639-0B9118A079A7}.Debug|Any CPU.Build.0 = Debug|Any CPU
		{7A600715-571E-40E4-A639-0B9118A079A7}.Debug|x64.ActiveCfg = Debug|Any CPU
		{7A600715-571E-40E4-A639-0B9118A079A7}.Debug|x64.Build.0 = Debug|Any CPU
		{7A600715-571E-40E4-A639-0B9118A079A7}.Debug|x86.ActiveCfg = Debug|Any CPU
		{7A600715-571E-40E4-A639-0B9118A079A7}.Debug|x86.Build.0 = Debug|Any CPU
		{7A600715-571E-40E4-A639-0B9118A079A7}.Release|Any CPU.ActiveCfg = Release|Any CPU
		{7A600715-571E-40E4-A639-0B9118A079A7}.Release|Any CPU.Build.0 = Release|Any CPU
		{7A600715-571E-40E4-A639-0B9118A079A7}.Release|x64.ActiveCfg = Release|Any CPU
		{7A600715-571E-40E4-A639-0B9118A079A7}.Release|x64.Build.0 = Release|Any CPU
		{7A600715-571E-40E4-A639-0B9118A079A7}.Release|x86.ActiveCfg = Release|Any CPU
		{7A600715-571E-40E4-A639-0B9118A079A7}.Release|x86.Build.0 = Release|Any CPU
		{3DA3E176-5A3D-4A78-AB49-A0650F409B2F}.Debug|Any CPU.ActiveCfg = Debug|Any CPU
		{3DA3E176-5A3D-4A78-AB49-A0650F409B2F}.Debug|Any CPU.Build.0 = Debug|Any CPU
		{3DA3E176-5A3D-4A78-AB49-A0650F409B2F}.Debug|x64.ActiveCfg = Debug|Any CPU
		{3DA3E176-5A3D-4A78-AB49-A0650F409B2F}.Debug|x64.Build.0 = Debug|Any CPU
		{3DA3E176-5A3D-4A78-AB49-A0650F409B2F}.Debug|x86.ActiveCfg = Debug|Any CPU
		{3DA3E176-5A3D-4A78-AB49-A0650F409B2F}.Debug|x86.Build.0 = Debug|Any CPU
		{3DA3E176-5A3D-4A78-AB49-A0650F409B2F}.Release|Any CPU.ActiveCfg = Release|Any CPU
		{3DA3E176-5A3D-4A78-AB49-A0650F409B2F}.Release|Any CPU.Build.0 = Release|Any CPU
		{3DA3E176-5A3D-4A78-AB49-A0650F409B2F}.Release|x64.ActiveCfg = Release|Any CPU
		{3DA3E176-5A3D-4A78-AB49-A0650F409B2F}.Release|x64.Build.0 = Release|Any CPU
		{3DA3E176-5A3D-4A78-AB49-A0650F409B2F}.Release|x86.ActiveCfg = Release|Any CPU
		{3DA3E176-5A3D-4A78-AB49-A0650F409B2F}.Release|x86.Build.0 = Release|Any CPU
	EndGlobalSection
EndGlobal
